Microsoft Visual Studio Solution File, Format Version 12.00
# Visual Studio Version 17
VisualStudioVersion = 17.5.2.0
MinimumVisualStudioVersion = 10.0.40219.1
Project("{FAE04EC0-301F-11D3-BF4B-00C04F79EFBC}") = "TalentechWebhookClient", "TalentechWebhookClient.csproj", "{42B9B06A-383B-4853-22BF-FAFD7C84ABC2}"
EndProject
Global
	GlobalSection(SolutionConfigurationPlatforms) = preSolution
		Debug|Any CPU = Debug|Any CPU
		Release|Any CPU = Release|Any CPU
	EndGlobalSection
	GlobalSection(ProjectConfigurationPlatforms) = postSolution
		{42B9B06A-383B-4853-22BF-FAFD7C84ABC2}.Debug|Any CPU.ActiveCfg = Debug|Any CPU
		{42B9B06A-383B-4853-22BF-FAFD7C84ABC2}.Debug|Any CPU.Build.0 = Debug|Any CPU
		{42B9B06A-383B-4853-22BF-FAFD7C84ABC2}.Release|Any CPU.ActiveCfg = Release|Any CPU
		{42B9B06A-383B-4853-22BF-FAFD7C84ABC2}.Release|Any CPU.Build.0 = Release|Any CPU
	EndGlobalSection
	GlobalSection(SolutionProperties) = preSolution
		HideSolutionNode = FALSE
	EndGlobalSection
	GlobalSection(ExtensibilityGlobals) = postSolution
		SolutionGuid = {5ED766CA-4AB8-462D-8609-69D547F78FE4}
	EndGlobalSection
EndGlobal
